
Microsoft Visual Studio Solution File, Format Version 12.00
# Visual Studio Version 17
VisualStudioVersion = 17.7.34202.233
MinimumVisualStudioVersion = 10.0.40219.1
Project("{9A19103F-16F7-4668-BE54-9A1E7A4F7556}") = "TemperatureConverter", "TemperatureConverter\TemperatureConverter.csproj", "{5BE19E0B-E8BD-42C6-8FE7-4D75C715E926}"
EndProject
Project("{9A19103F-16F7-4668-BE54-9A1E7A4F7556}") = "WeekdayOrWeekend", "WeekdayOrWeekend\WeekdayOrWeekend.csproj", "{80DEF31D-AB0E-48FB-A95B-F68A5DDAEB1F}"
EndProject
Project("{9A19103F-16F7-4668-BE54-9A1E7A4F7556}") = "NumberPrinter", "NumberPrinter\NumberPrinter.csproj", "{7CA72AF2-969B-4D64-86BD-9A23E4DE6C55}"
EndProject
Project("{9A19103F-16F7-4668-BE54-9A1E7A4F7556}") = "EvenNumberFinder", "EvenNumberFinder\EvenNumberFinder.csproj", "{7C762805-3AC8-405D-97FC-63FE939DD486}"
EndProject
Project("{9A19103F-16F7-4668-BE54-9A1E7A4F7556}") = "MultiplicationTable", "MultiplicationTable\MultiplicationTable.csproj", "{96D83DB1-FA8D-4C81-9B0C-549DCC82AD73}"
EndProject
Project("{9A19103F-16F7-4668-BE54-9A1E7A4F7556}") = "DiscountCalculator", "DiscountCalculator\DiscountCalculator.csproj", "{E6A02FD9-F4EC-418B-B1A4-E8E9146507EE}"
EndProject
Project("{9A19103F-16F7-4668-BE54-9A1E7A4F7556}") = "DayPlanner", "DayPlanner\DayPlanner.csproj", "{17FDF90A-46C2-45F0-858B-F67D8DC0BD87}"
EndProject
Project("{9A19103F-16F7-4668-BE54-9A1E7A4F7556}") = "InvestmentForecaster", "InvestmentForecaster\InvestmentForecaster.csproj", "{E9E8A14E-5956-4EA2-A44A-DA031F944CB3}"
EndProject
Project("{9A19103F-16F7-4668-BE54-9A1E7A4F7556}") = "GradeAnalyzer", "GradeAnalyzer\GradeAnalyzer.csproj", "{0A6DA60F-579A-449C-82E4-765CD671AF9E}"
EndProject
Project("{9A19103F-16F7-4668-BE54-9A1E7A4F7556}") = "ArrayOperations", "ArrayOperations\ArrayOperations.csproj", "{2060A27A-3438-463D-9126-02D307AEDB19}"
EndProject
Project("{9A19103F-16F7-4668-BE54-9A1E7A4F7556}") = "SeatReservation", "SeatReservation\SeatReservation.csproj", "{124278D9-8AD0-4243-8389-34EE0ADA520E}"
EndProject
Project("{9A19103F-16F7-4668-BE54-9A1E7A4F7556}") = "PalindromeChecker", "PalindromeChecker\PalindromeChecker.csproj", "{C0144227-B2CC-4ECB-865C-BED354B32C27}"
EndProject
Project("{9A19103F-16F7-4668-BE54-9A1E7A4F7556}") = "TextAnalyzer", "TextAnalyzer\TextAnalyzer.csproj", "{2936850C-A506-49A8-BC61-A9D276D2CF04}"
EndProject
Project("{9A19103F-16F7-4668-BE54-9A1E7A4F7556}") = "Person", "Person\Person.csproj", "{04AA3806-3B61-4987-BB8F-A759B31E5CF3}"
EndProject
Project("{9A19103F-16F7-4668-BE54-9A1E7A4F7556}") = "SimpleBankAccount", "SimpleBankAccount\SimpleBankAccount.csproj", "{7E01716A-09CF-4520-A846-48706F5F87E6}"
EndProject
Project("{9A19103F-16F7-4668-BE54-9A1E7A4F7556}") = "AnimalHierarchy", "AnimalHierarchy\AnimalHierarchy.csproj", "{0B0804E1-BC98-4C41-B249-8D56CA809590}"
EndProject
Project("{9A19103F-16F7-4668-BE54-9A1E7A4F7556}") = "EventDrivenTemperatureMonitor", "EventDriven\EventDrivenTemperatureMonitor.csproj", "{531F865B-9458-4FDA-BBF9-335F2DDD3AB4}"
EndProject
Project("{9A19103F-16F7-4668-BE54-9A1E7A4F7556}") = "ContactList", "ContactList\ContactList.csproj", "{867EADE2-80D9-4811-AE11-A80C3C87C977}"
EndProject
Project("{9A19103F-16F7-4668-BE54-9A1E7A4F7556}") = "ShapeHierarchy", "ShapeHierarchty\ShapeHierarchy.csproj", "{1649AFDB-B3E3-4295-8388-C65B839CD0FC}"
EndProject
Project("{9A19103F-16F7-4668-BE54-9A1E7A4F7556}") = "NumberToBinary", "NumberToBinary\NumberToBinary.csproj", "{7537F969-7CE3-414B-91DD-5F0EE7BC28A8}"
EndProject
Project("{9A19103F-16F7-4668-BE54-9A1E7A4F7556}") = "BinarySearch", "BinarySearch\BinarySearch.csproj", "{230605D4-A0BA-4BBD-8766-F285B3A9D368}"
EndProject
Project("{9A19103F-16F7-4668-BE54-9A1E7A4F7556}") = "NthFibonacci", "NthFibonacci\NthFibonacci.csproj", "{78325459-679B-4E1C-8ABE-4A6CEB48A3F9}"
EndProject
Project("{9A19103F-16F7-4668-BE54-9A1E7A4F7556}") = "ConsoleCalculator", "ConsoleCalculator\ConsoleCalculator.csproj", "{8A3796CA-57E9-4361-B7D6-9A181202EC67}"
EndProject
Project("{9A19103F-16F7-4668-BE54-9A1E7A4F7556}") = "VowelOrNot", "VowelOrNot\VowelOrNot.csproj", "{CA956510-327A-41D6-A3F5-D473A77A7C36}"
EndProject
Project("{9A19103F-16F7-4668-BE54-9A1E7A4F7556}") = "TicTacToe", "TicTacToe\TicTacToe.csproj", "{CEEF1E01-BBA7-4AD5-88A8-E1EC41AD3685}"
EndProject
Project("{9A19103F-16F7-4668-BE54-9A1E7A4F7556}") = "BurgerBuilder", "BurgerBuilder\BurgerBuilder.csproj", "{15A4D926-0B58-4B81-B564-E8C411B1859D}"
EndProject
Project("{FAE04EC0-301F-11D3-BF4B-00C04F79EFBC}") = "AdvancedCalculator", "AdvancedCalculator\AdvancedCalculator.csproj", "{1800E2D1-1526-4A2E-B09F-D2106FB4F090}"
EndProject
Global
	GlobalSection(SolutionConfigurationPlatforms) = preSolution
		Debug|Any CPU = Debug|Any CPU
		Release|Any CPU = Release|Any CPU
	EndGlobalSection
	GlobalSection(ProjectConfigurationPlatforms) = postSolution
		{5BE19E0B-E8BD-42C6-8FE7-4D75C715E926}.Debug|Any CPU.ActiveCfg = Debug|Any CPU
		{5BE19E0B-E8BD-42C6-8FE7-4D75C715E926}.Debug|Any CPU.Build.0 = Debug|Any CPU
		{5BE19E0B-E8BD-42C6-8FE7-4D75C715E926}.Release|Any CPU.ActiveCfg = Release|Any CPU
		{5BE19E0B-E8BD-42C6-8FE7-4D75C715E926}.Release|Any CPU.Build.0 = Release|Any CPU
		{80DEF31D-AB0E-48FB-A95B-F68A5DDAEB1F}.Debug|Any CPU.ActiveCfg = Debug|Any CPU
		{80DEF31D-AB0E-48FB-A95B-F68A5DDAEB1F}.Debug|Any CPU.Build.0 = Debug|Any CPU
		{80DEF31D-AB0E-48FB-A95B-F68A5DDAEB1F}.Release|Any CPU.ActiveCfg = Release|Any CPU
		{80DEF31D-AB0E-48FB-A95B-F68A5DDAEB1F}.Release|Any CPU.Build.0 = Release|Any CPU
		{7CA72AF2-969B-4D64-86BD-9A23E4DE6C55}.Debug|Any CPU.ActiveCfg = Debug|Any CPU
		{7CA72AF2-969B-4D64-86BD-9A23E4DE6C55}.Debug|Any CPU.Build.0 = Debug|Any CPU
		{7CA72AF2-969B-4D64-86BD-9A23E4DE6C55}.Release|Any CPU.ActiveCfg = Release|Any CPU
		{7CA72AF2-969B-4D64-86BD-9A23E4DE6C55}.Release|Any CPU.Build.0 = Release|Any CPU
		{7C762805-3AC8-405D-97FC-63FE939DD486}.Debug|Any CPU.ActiveCfg = Debug|Any CPU
		{7C762805-3AC8-405D-97FC-63FE939DD486}.Debug|Any CPU.Build.0 = Debug|Any CPU
		{7C762805-3AC8-405D-97FC-63FE939DD486}.Release|Any CPU.ActiveCfg = Release|Any CPU
		{7C762805-3AC8-405D-97FC-63FE939DD486}.Release|Any CPU.Build.0 = Release|Any CPU
		{96D83DB1-FA8D-4C81-9B0C-549DCC82AD73}.Debug|Any CPU.ActiveCfg = Debug|Any CPU
		{96D83DB1-FA8D-4C81-9B0C-549DCC82AD73}.Debug|Any CPU.Build.0 = Debug|Any CPU
		{96D83DB1-FA8D-4C81-9B0C-549DCC82AD73}.Release|Any CPU.ActiveCfg = Release|Any CPU
		{96D83DB1-FA8D-4C81-9B0C-549DCC82AD73}.Release|Any CPU.Build.0 = Release|Any CPU
		{E6A02FD9-F4EC-418B-B1A4-E8E9146507EE}.Debug|Any CPU.ActiveCfg = Debug|Any CPU
		{E6A02FD9-F4EC-418B-B1A4-E8E9146507EE}.Debug|Any CPU.Build.0 = Debug|Any CPU
		{E6A02FD9-F4EC-418B-B1A4-E8E9146507EE}.Release|Any CPU.ActiveCfg = Release|Any CPU
		{E6A02FD9-F4EC-418B-B1A4-E8E9146507EE}.Release|Any CPU.Build.0 = Release|Any CPU
		{17FDF90A-46C2-45F0-858B-F67D8DC0BD87}.Debug|Any CPU.ActiveCfg = Debug|Any CPU
		{17FDF90A-46C2-45F0-858B-F67D8DC0BD87}.Debug|Any CPU.Build.0 = Debug|Any CPU
		{17FDF90A-46C2-45F0-858B-F67D8DC0BD87}.Release|Any CPU.ActiveCfg = Release|Any CPU
		{17FDF90A-46C2-45F0-858B-F67D8DC0BD87}.Release|Any CPU.Build.0 = Release|Any CPU
		{E9E8A14E-5956-4EA2-A44A-DA031F944CB3}.Debug|Any CPU.ActiveCfg = Debug|Any CPU
		{E9E8A14E-5956-4EA2-A44A-DA031F944CB3}.Debug|Any CPU.Build.0 = Debug|Any CPU
		{E9E8A14E-5956-4EA2-A44A-DA031F944CB3}.Release|Any CPU.ActiveCfg = Release|Any CPU
		{E9E8A14E-5956-4EA2-A44A-DA031F944CB3}.Release|Any CPU.Build.0 = Release|Any CPU
		{0A6DA60F-579A-449C-82E4-765CD671AF9E}.Debug|Any CPU.ActiveCfg = Debug|Any CPU
		{0A6DA60F-579A-449C-82E4-765CD671AF9E}.Debug|Any CPU.Build.0 = Debug|Any CPU
		{0A6DA60F-579A-449C-82E4-765CD671AF9E}.Release|Any CPU.ActiveCfg = Release|Any CPU
		{0A6DA60F-579A-449C-82E4-765CD671AF9E}.Release|Any CPU.Build.0 = Release|Any CPU
		{2060A27A-3438-463D-9126-02D307AEDB19}.Debug|Any CPU.ActiveCfg = Debug|Any CPU
		{2060A27A-3438-463D-9126-02D307AEDB19}.Debug|Any CPU.Build.0 = Debug|Any CPU
		{2060A27A-3438-463D-9126-02D307AEDB19}.Release|Any CPU.ActiveCfg = Release|Any CPU
		{2060A27A-3438-463D-9126-02D307AEDB19}.Release|Any CPU.Build.0 = Release|Any CPU
		{124278D9-8AD0-4243-8389-34EE0ADA520E}.Debug|Any CPU.ActiveCfg = Debug|Any CPU
		{124278D9-8AD0-4243-8389-34EE0ADA520E}.Debug|Any CPU.Build.0 = Debug|Any CPU
		{124278D9-8AD0-4243-8389-34EE0ADA520E}.Release|Any CPU.ActiveCfg = Release|Any CPU
		{124278D9-8AD0-4243-8389-34EE0ADA520E}.Release|Any CPU.Build.0 = Release|Any CPU
		{C0144227-B2CC-4ECB-865C-BED354B32C27}.Debug|Any CPU.ActiveCfg = Debug|Any CPU
		{C0144227-B2CC-4ECB-865C-BED354B32C27}.Debug|Any CPU.Build.0 = Debug|Any CPU
		{C0144227-B2CC-4ECB-865C-BED354B32C27}.Release|Any CPU.ActiveCfg = Release|Any CPU
		{C0144227-B2CC-4ECB-865C-BED354B32C27}.Release|Any CPU.Build.0 = Release|Any CPU
		{2936850C-A506-49A8-BC61-A9D276D2CF04}.Debug|Any CPU.ActiveCfg = Debug|Any CPU
		{2936850C-A506-49A8-BC61-A9D276D2CF04}.Debug|Any CPU.Build.0 = Debug|Any CPU
		{2936850C-A506-49A8-BC61-A9D276D2CF04}.Release|Any CPU.ActiveCfg = Release|Any CPU
		{2936850C-A506-49A8-BC61-A9D276D2CF04}.Release|Any CPU.Build.0 = Release|Any CPU
		{04AA3806-3B61-4987-BB8F-A759B31E5CF3}.Debug|Any CPU.ActiveCfg = Debug|Any CPU
		{04AA3806-3B61-4987-BB8F-A759B31E5CF3}.Debug|Any CPU.Build.0 = Debug|Any CPU
		{04AA3806-3B61-4987-BB8F-A759B31E5CF3}.Release|Any CPU.ActiveCfg = Release|Any CPU
		{04AA3806-3B61-4987-BB8F-A759B31E5CF3}.Release|Any CPU.Build.0 = Release|Any CPU
		{7E01716A-09CF-4520-A846-48706F5F87E6}.Debug|Any CPU.ActiveCfg = Debug|Any CPU
		{7E01716A-09CF-4520-A846-48706F5F87E6}.Debug|Any CPU.Build.0 = Debug|Any CPU
		{7E01716A-09CF-4520-A846-48706F5F87E6}.Release|Any CPU.ActiveCfg = Release|Any CPU
		{7E01716A-09CF-4520-A846-48706F5F87E6}.Release|Any CPU.Build.0 = Release|Any CPU
		{0B0804E1-BC98-4C41-B249-8D56CA809590}.Debug|Any CPU.ActiveCfg = Debug|Any CPU
		{0B0804E1-BC98-4C41-B249-8D56CA809590}.Debug|Any CPU.Build.0 = Debug|Any CPU
		{0B0804E1-BC98-4C41-B249-8D56CA809590}.Release|Any CPU.ActiveCfg = Release|Any CPU
		{0B0804E1-BC98-4C41-B249-8D56CA809590}.Release|Any CPU.Build.0 = Release|Any CPU
		{531F865B-9458-4FDA-BBF9-335F2DDD3AB4}.Debug|Any CPU.ActiveCfg = Debug|Any CPU
		{531F865B-9458-4FDA-BBF9-335F2DDD3AB4}.Debug|Any CPU.Build.0 = Debug|Any CPU
		{531F865B-9458-4FDA-BBF9-335F2DDD3AB4}.Release|Any CPU.ActiveCfg = Release|Any CPU
		{531F865B-9458-4FDA-BBF9-335F2DDD3AB4}.Release|Any CPU.Build.0 = Release|Any CPU
		{867EADE2-80D9-4811-AE11-A80C3C87C977}.Debug|Any CPU.ActiveCfg = Debug|Any CPU
		{867EADE2-80D9-4811-AE11-A80C3C87C977}.Debug|Any CPU.Build.0 = Debug|Any CPU
		{867EADE2-80D9-4811-AE11-A80C3C87C977}.Release|Any CPU.ActiveCfg = Release|Any CPU
		{867EADE2-80D9-4811-AE11-A80C3C87C977}.Release|Any CPU.Build.0 = Release|Any CPU
		{1649AFDB-B3E3-4295-8388-C65B839CD0FC}.Debug|Any CPU.ActiveCfg = Debug|Any CPU
		{1649AFDB-B3E3-4295-8388-C65B839CD0FC}.Debug|Any CPU.Build.0 = Debug|Any CPU
		{1649AFDB-B3E3-4295-8388-C65B839CD0FC}.Release|Any CPU.ActiveCfg = Release|Any CPU
		{1649AFDB-B3E3-4295-8388-C65B839CD0FC}.Release|Any CPU.Build.0 = Release|Any CPU
		{7537F969-7CE3-414B-91DD-5F0EE7BC28A8}.Debug|Any CPU.ActiveCfg = Debug|Any CPU
		{7537F969-7CE3-414B-91DD-5F0EE7BC28A8}.Debug|Any CPU.Build.0 = Debug|Any CPU
		{7537F969-7CE3-414B-91DD-5F0EE7BC28A8}.Release|Any CPU.ActiveCfg = Release|Any CPU
		{7537F969-7CE3-414B-91DD-5F0EE7BC28A8}.Release|Any CPU.Build.0 = Release|Any CPU
		{230605D4-A0BA-4BBD-8766-F285B3A9D368}.Debug|Any CPU.ActiveCfg = Debug|Any CPU
		{230605D4-A0BA-4BBD-8766-F285B3A9D368}.Debug|Any CPU.Build.0 = Debug|Any CPU
		{230605D4-A0BA-4BBD-8766-F285B3A9D368}.Release|Any CPU.ActiveCfg = Release|Any CPU
		{230605D4-A0BA-4BBD-8766-F285B3A9D368}.Release|Any CPU.Build.0 = Release|Any CPU
		{78325459-679B-4E1C-8ABE-4A6CEB48A3F9}.Debug|Any CPU.ActiveCfg = Debug|Any CPU
		{78325459-679B-4E1C-8ABE-4A6CEB48A3F9}.Debug|Any CPU.Build.0 = Debug|Any CPU
		{78325459-679B-4E1C-8ABE-4A6CEB48A3F9}.Release|Any CPU.ActiveCfg = Release|Any CPU
		{78325459-679B-4E1C-8ABE-4A6CEB48A3F9}.Release|Any CPU.Build.0 = Release|Any CPU
		{8A3796CA-57E9-4361-B7D6-9A181202EC67}.Debug|Any CPU.ActiveCfg = Debug|Any CPU
		{8A3796CA-57E9-4361-B7D6-9A181202EC67}.Debug|Any CPU.Build.0 = Debug|Any CPU
		{8A3796CA-57E9-4361-B7D6-9A181202EC67}.Release|Any CPU.ActiveCfg = Release|Any CPU
		{8A3796CA-57E9-4361-B7D6-9A181202EC67}.Release|Any CPU.Build.0 = Release|Any CPU
		{CA956510-327A-41D6-A3F5-D473A77A7C36}.Debug|Any CPU.ActiveCfg = Debug|Any CPU
		{CA956510-327A-41D6-A3F5-D473A77A7C36}.Debug|Any CPU.Build.0 = Debug|Any CPU
		{CA956510-327A-41D6-A3F5-D473A77A7C36}.Release|Any CPU.ActiveCfg = Release|Any CPU
		{CA956510-327A-41D6-A3F5-D473A77A7C36}.Release|Any CPU.Build.0 = Release|Any CPU
		{CEEF1E01-BBA7-4AD5-88A8-E1EC41AD3685}.Debug|Any CPU.ActiveCfg = Debug|Any CPU
		{CEEF1E01-BBA7-4AD5-88A8-E1EC41AD3685}.Debug|Any CPU.Build.0 = Debug|Any CPU
		{CEEF1E01-BBA7-4AD5-88A8-E1EC41AD3685}.Release|Any CPU.ActiveCfg = Release|Any CPU
		{CEEF1E01-BBA7-4AD5-88A8-E1EC41AD3685}.Release|Any CPU.Build.0 = Release|Any CPU
		{15A4D926-0B58-4B81-B564-E8C411B1859D}.Debug|Any CPU.ActiveCfg = Debug|Any CPU
		{15A4D926-0B58-4B81-B564-E8C411B1859D}.Debug|Any CPU.Build.0 = Debug|Any CPU
		{15A4D926-0B58-4B81-B564-E8C411B1859D}.Release|Any CPU.ActiveCfg = Release|Any CPU
		{15A4D926-0B58-4B81-B564-E8C411B1859D}.Release|Any CPU.Build.0 = Release|Any CPU
		{1800E2D1-1526-4A2E-B09F-D2106FB4F090}.Debug|Any CPU.ActiveCfg = Debug|Any CPU
		{1800E2D1-1526-4A2E-B09F-D2106FB4F090}.Debug|Any CPU.Build.0 = Debug|Any CPU
		{1800E2D1-1526-4A2E-B09F-D2106FB4F090}.Release|Any CPU.ActiveCfg = Release|Any CPU
		{1800E2D1-1526-4A2E-B09F-D2106FB4F090}.Release|Any CPU.Build.0 = Release|Any CPU
	EndGlobalSection
	GlobalSection(SolutionProperties) = preSolution
		HideSolutionNode = FALSE
	EndGlobalSection
	GlobalSection(ExtensibilityGlobals) = postSolution
		SolutionGuid = {DD7A0524-F134-477A-B43C-429D19D2D2FB}
	EndGlobalSection
EndGlobal
