
Microsoft Visual Studio Solution File, Format Version 12.00
# Visual Studio Version 17
VisualStudioVersion = 17.7.34202.233
MinimumVisualStudioVersion = 10.0.40219.1
Project("{9A19103F-16F7-4668-BE54-9A1E7A4F7556}") = "BurgerBuilder", "..\BurgerBuilder\BurgerBuilder\BurgerBuilder.csproj", "{1BF1E7F0-6949-406E-A047-0B98ABCC8E19}"
EndProject
Project("{9A19103F-16F7-4668-BE54-9A1E7A4F7556}") = "TicTacToe", "..\OL-Assignments\TicTacToe\TicTacToe.csproj", "{B84A88FE-F5EA-482A-9304-042F7CBB0D33}"
EndProject
Project("{9A19103F-16F7-4668-BE54-9A1E7A4F7556}") = "BinarySearch", "..\OL-Assignments\BinarySearch\BinarySearch.csproj", "{E5A51838-6C1B-4B1D-8959-35F5CCD62303}"
EndProject
Project("{9A19103F-16F7-4668-BE54-9A1E7A4F7556}") = "NumberToBinary", "..\OL-Assignments\NumberToBinary\NumberToBinary.csproj", "{E10CDAC6-8A4C-453E-B8E6-B3619E04A82E}"
EndProject
Project("{9A19103F-16F7-4668-BE54-9A1E7A4F7556}") = "ConsoleCalculator1", "..\OL-Assignments\ConsoleCalculator1\ConsoleCalculator1.csproj", "{11C488EE-ED81-45D2-BE6B-64C356CA801F}"
EndProject
Project("{9A19103F-16F7-4668-BE54-9A1E7A4F7556}") = "VowelOrNot1", "..\OL-Assignments\VowelOrNot1\VowelOrNot1.csproj", "{ED742253-6054-4F89-B0A2-F716ADE77AC4}"
EndProject
Project("{9A19103F-16F7-4668-BE54-9A1E7A4F7556}") = "NthFibonacci1", "..\OL-Assignments\NthFibonacci1\NthFibonacci1.csproj", "{789BCAA2-3509-4C43-AA43-BA17EF76644C}"
EndProject
Global
	GlobalSection(SolutionConfigurationPlatforms) = preSolution
		Debug|Any CPU = Debug|Any CPU
		Release|Any CPU = Release|Any CPU
	EndGlobalSection
	GlobalSection(ProjectConfigurationPlatforms) = postSolution
		{1BF1E7F0-6949-406E-A047-0B98ABCC8E19}.Debug|Any CPU.ActiveCfg = Debug|Any CPU
		{1BF1E7F0-6949-406E-A047-0B98ABCC8E19}.Debug|Any CPU.Build.0 = Debug|Any CPU
		{1BF1E7F0-6949-406E-A047-0B98ABCC8E19}.Release|Any CPU.ActiveCfg = Release|Any CPU
		{1BF1E7F0-6949-406E-A047-0B98ABCC8E19}.Release|Any CPU.Build.0 = Release|Any CPU
		{B84A88FE-F5EA-482A-9304-042F7CBB0D33}.Debug|Any CPU.ActiveCfg = Debug|Any CPU
		{B84A88FE-F5EA-482A-9304-042F7CBB0D33}.Debug|Any CPU.Build.0 = Debug|Any CPU
		{B84A88FE-F5EA-482A-9304-042F7CBB0D33}.Release|Any CPU.ActiveCfg = Release|Any CPU
		{B84A88FE-F5EA-482A-9304-042F7CBB0D33}.Release|Any CPU.Build.0 = Release|Any CPU
		{E5A51838-6C1B-4B1D-8959-35F5CCD62303}.Debug|Any CPU.ActiveCfg = Debug|Any CPU
		{E5A51838-6C1B-4B1D-8959-35F5CCD62303}.Debug|Any CPU.Build.0 = Debug|Any CPU
		{E5A51838-6C1B-4B1D-8959-35F5CCD62303}.Release|Any CPU.ActiveCfg = Release|Any CPU
		{E5A51838-6C1B-4B1D-8959-35F5CCD62303}.Release|Any CPU.Build.0 = Release|Any CPU
		{E10CDAC6-8A4C-453E-B8E6-B3619E04A82E}.Debug|Any CPU.ActiveCfg = Debug|Any CPU
		{E10CDAC6-8A4C-453E-B8E6-B3619E04A82E}.Debug|Any CPU.Build.0 = Debug|Any CPU
		{E10CDAC6-8A4C-453E-B8E6-B3619E04A82E}.Release|Any CPU.ActiveCfg = Release|Any CPU
		{E10CDAC6-8A4C-453E-B8E6-B3619E04A82E}.Release|Any CPU.Build.0 = Release|Any CPU
		{11C488EE-ED81-45D2-BE6B-64C356CA801F}.Debug|Any CPU.ActiveCfg = Debug|Any CPU
		{11C488EE-ED81-45D2-BE6B-64C356CA801F}.Debug|Any CPU.Build.0 = Debug|Any CPU
		{11C488EE-ED81-45D2-BE6B-64C356CA801F}.Release|Any CPU.ActiveCfg = Release|Any CPU
		{11C488EE-ED81-45D2-BE6B-64C356CA801F}.Release|Any CPU.Build.0 = Release|Any CPU
		{ED742253-6054-4F89-B0A2-F716ADE77AC4}.Debug|Any CPU.ActiveCfg = Debug|Any CPU
		{ED742253-6054-4F89-B0A2-F716ADE77AC4}.Debug|Any CPU.Build.0 = Debug|Any CPU
		{ED742253-6054-4F89-B0A2-F716ADE77AC4}.Release|Any CPU.ActiveCfg = Release|Any CPU
		{ED742253-6054-4F89-B0A2-F716ADE77AC4}.Release|Any CPU.Build.0 = Release|Any CPU
		{789BCAA2-3509-4C43-AA43-BA17EF76644C}.Debug|Any CPU.ActiveCfg = Debug|Any CPU
		{789BCAA2-3509-4C43-AA43-BA17EF76644C}.Debug|Any CPU.Build.0 = Debug|Any CPU
		{789BCAA2-3509-4C43-AA43-BA17EF76644C}.Release|Any CPU.ActiveCfg = Release|Any CPU
		{789BCAA2-3509-4C43-AA43-BA17EF76644C}.Release|Any CPU.Build.0 = Release|Any CPU
	EndGlobalSection
	GlobalSection(SolutionProperties) = preSolution
		HideSolutionNode = FALSE
	EndGlobalSection
	GlobalSection(ExtensibilityGlobals) = postSolution
		SolutionGuid = {DFD1ED22-3B16-478F-B1C3-21B58654BDF7}
	EndGlobalSection
EndGlobal
