
Microsoft Visual Studio Solution File, Format Version 12.00
# Visual Studio Version 17
VisualStudioVersion = 17.7.34202.233
MinimumVisualStudioVersion = 10.0.40219.1
Project("{9A19103F-16F7-4668-BE54-9A1E7A4F7556}") = "BinarySearch", "BinarySearch\BinarySearch.csproj", "{D53BB11D-05ED-4519-8DF2-F6F59ECE0D81}"
EndProject
Project("{9A19103F-16F7-4668-BE54-9A1E7A4F7556}") = "ConsoleCalculator", "ConsoleCalculator\ConsoleCalculator.csproj", "{3FE9AFB1-BB9B-4ED6-8351-ACAD581222FD}"
EndProject
Project("{9A19103F-16F7-4668-BE54-9A1E7A4F7556}") = "BurgerBuilder", "BurgerBuilder\BurgerBuilder.csproj", "{CE142597-84F4-4874-9857-88045F16AAE6}"
EndProject
Project("{9A19103F-16F7-4668-BE54-9A1E7A4F7556}") = "NthFibonacci", "NthFibonacci\NthFibonacci.csproj", "{C3966064-CF10-41A2-B8B4-AB1478096FA5}"
EndProject
Project("{9A19103F-16F7-4668-BE54-9A1E7A4F7556}") = "NumberToBinary", "NumberToBinary\NumberToBinary.csproj", "{713C8C44-E388-46B0-AAC0-36CF8BA2A866}"
EndProject
Project("{9A19103F-16F7-4668-BE54-9A1E7A4F7556}") = "TicTacToe", "TicTacToe\TicTacToe.csproj", "{CF9971D8-E0C6-40BF-8A2B-84B7C48664A3}"
EndProject
Project("{9A19103F-16F7-4668-BE54-9A1E7A4F7556}") = "VowelOrNot1", "VowelOrNot1\VowelOrNot1.csproj", "{C76D6CAC-8335-4F12-A212-4123205B6D94}"
EndProject
Global
	GlobalSection(SolutionConfigurationPlatforms) = preSolution
		Debug|Any CPU = Debug|Any CPU
		Release|Any CPU = Release|Any CPU
	EndGlobalSection
	GlobalSection(ProjectConfigurationPlatforms) = postSolution
		{D53BB11D-05ED-4519-8DF2-F6F59ECE0D81}.Debug|Any CPU.ActiveCfg = Debug|Any CPU
		{D53BB11D-05ED-4519-8DF2-F6F59ECE0D81}.Debug|Any CPU.Build.0 = Debug|Any CPU
		{D53BB11D-05ED-4519-8DF2-F6F59ECE0D81}.Release|Any CPU.ActiveCfg = Release|Any CPU
		{D53BB11D-05ED-4519-8DF2-F6F59ECE0D81}.Release|Any CPU.Build.0 = Release|Any CPU
		{3FE9AFB1-BB9B-4ED6-8351-ACAD581222FD}.Debug|Any CPU.ActiveCfg = Debug|Any CPU
		{3FE9AFB1-BB9B-4ED6-8351-ACAD581222FD}.Debug|Any CPU.Build.0 = Debug|Any CPU
		{3FE9AFB1-BB9B-4ED6-8351-ACAD581222FD}.Release|Any CPU.ActiveCfg = Release|Any CPU
		{3FE9AFB1-BB9B-4ED6-8351-ACAD581222FD}.Release|Any CPU.Build.0 = Release|Any CPU
		{CE142597-84F4-4874-9857-88045F16AAE6}.Debug|Any CPU.ActiveCfg = Debug|Any CPU
		{CE142597-84F4-4874-9857-88045F16AAE6}.Debug|Any CPU.Build.0 = Debug|Any CPU
		{CE142597-84F4-4874-9857-88045F16AAE6}.Release|Any CPU.ActiveCfg = Release|Any CPU
		{CE142597-84F4-4874-9857-88045F16AAE6}.Release|Any CPU.Build.0 = Release|Any CPU
		{C3966064-CF10-41A2-B8B4-AB1478096FA5}.Debug|Any CPU.ActiveCfg = Debug|Any CPU
		{C3966064-CF10-41A2-B8B4-AB1478096FA5}.Debug|Any CPU.Build.0 = Debug|Any CPU
		{C3966064-CF10-41A2-B8B4-AB1478096FA5}.Release|Any CPU.ActiveCfg = Release|Any CPU
		{C3966064-CF10-41A2-B8B4-AB1478096FA5}.Release|Any CPU.Build.0 = Release|Any CPU
		{713C8C44-E388-46B0-AAC0-36CF8BA2A866}.Debug|Any CPU.ActiveCfg = Debug|Any CPU
		{713C8C44-E388-46B0-AAC0-36CF8BA2A866}.Debug|Any CPU.Build.0 = Debug|Any CPU
		{713C8C44-E388-46B0-AAC0-36CF8BA2A866}.Release|Any CPU.ActiveCfg = Release|Any CPU
		{713C8C44-E388-46B0-AAC0-36CF8BA2A866}.Release|Any CPU.Build.0 = Release|Any CPU
		{CF9971D8-E0C6-40BF-8A2B-84B7C48664A3}.Debug|Any CPU.ActiveCfg = Debug|Any CPU
		{CF9971D8-E0C6-40BF-8A2B-84B7C48664A3}.Debug|Any CPU.Build.0 = Debug|Any CPU
		{CF9971D8-E0C6-40BF-8A2B-84B7C48664A3}.Release|Any CPU.ActiveCfg = Release|Any CPU
		{CF9971D8-E0C6-40BF-8A2B-84B7C48664A3}.Release|Any CPU.Build.0 = Release|Any CPU
		{C76D6CAC-8335-4F12-A212-4123205B6D94}.Debug|Any CPU.ActiveCfg = Debug|Any CPU
		{C76D6CAC-8335-4F12-A212-4123205B6D94}.Debug|Any CPU.Build.0 = Debug|Any CPU
		{C76D6CAC-8335-4F12-A212-4123205B6D94}.Release|Any CPU.ActiveCfg = Release|Any CPU
		{C76D6CAC-8335-4F12-A212-4123205B6D94}.Release|Any CPU.Build.0 = Release|Any CPU
	EndGlobalSection
	GlobalSection(SolutionProperties) = preSolution
		HideSolutionNode = FALSE
	EndGlobalSection
	GlobalSection(ExtensibilityGlobals) = postSolution
		SolutionGuid = {5D8DEE4C-A202-4C1F-B93C-D93C323F67BF}
	EndGlobalSection
EndGlobal
